
Microsoft Visual Studio Solution File, Format Version 12.00
# Visual Studio Version 17
VisualStudioVersion = 17.1.32328.378
MinimumVisualStudioVersion = 10.0.40219.1
Project("{FAE04EC0-301F-11D3-BF4B-00C04F79EFBC}") = "TheContactManagerApp", "TheContactManagerApp\TheContactManagerApp.csproj", "{187A2325-8A9D-42F9-9E93-EC395A1798EB}"
EndProject
Global
	GlobalSection(SolutionConfigurationPlatforms) = preSolution
		Debug|Any CPU = Debug|Any CPU
		Release|Any CPU = Release|Any CPU
	EndGlobalSection
	GlobalSection(ProjectConfigurationPlatforms) = postSolution
		{187A2325-8A9D-42F9-9E93-EC395A1798EB}.Debug|Any CPU.ActiveCfg = Debug|Any CPU
		{187A2325-8A9D-42F9-9E93-EC395A1798EB}.Debug|Any CPU.Build.0 = Debug|Any CPU
		{187A2325-8A9D-42F9-9E93-EC395A1798EB}.Release|Any CPU.ActiveCfg = Release|Any CPU
		{187A2325-8A9D-42F9-9E93-EC395A1798EB}.Release|Any CPU.Build.0 = Release|Any CPU
	EndGlobalSection
	GlobalSection(SolutionProperties) = preSolution
		HideSolutionNode = FALSE
	EndGlobalSection
	GlobalSection(ExtensibilityGlobals) = postSolution
		SolutionGuid = {C074AA5F-5C06-4B86-8C04-038D7DE23EFC}
	EndGlobalSection
EndGlobal
